<?xml version="1.0" encoding="utf-8"?>
<Project ToolsVersion="4.0" xmlns="http://schemas.microsoft.com/developer/msbuild/2003">
  <ItemGroup>
    <Filter Include="ソース ファイル">
      <UniqueIdentifier>{4FC737F1-C7A5-4376-A066-2A32D752A2FF}</UniqueIdentifier>
      <Extensions>cpp;c;cc;cxx;c++;cppm;ixx;def;odl;idl;hpj;bat;asm;asmx</Extensions>
    </Filter>
    <Filter Include="ヘッダー ファイル">
      <UniqueIdentifier>{93995380-89BD-4b04-88EB-625FBE52EBFB}</UniqueIdentifier>
      <Extensions>h;hh;hpp;hxx;h++;hm;inl;inc;ipp;xsd</Extensions>
    </Filter>
    <Filter Include="リソース ファイル">
      <UniqueIdentifier>{67DA6AB6-F800-4c08-8B7A-83BB121AAD01}</UniqueIdentifier>
      <Extensions>rc;ico;cur;bmp;dlg;rc2;rct;bin;rgs;gif;jpg;jpeg;jpe;resx;tiff;tif;png;wav;mfcribbon-ms</Extensions>
    </Filter>
    <Filter Include="ヘッダー ファイル\NetWork">
      <UniqueIdentifier>{2193ac62-af4b-464c-9843-3f64268a78ee}</UniqueIdentifier>
    </Filter>
    <Filter Include="ソース ファイル\NetWork">
      <UniqueIdentifier>{8578f028-9c84-4678-89ae-2dc0582dc9a4}</UniqueIdentifier>
    </Filter>
    <Filter Include="ソース ファイル\System">
      <UniqueIdentifier>{628ade1d-4a4b-48f7-99b7-60bcde5c9a8f}</UniqueIdentifier>
    </Filter>
    <Filter Include="ヘッダー ファイル\System">
      <UniqueIdentifier>{efa0eade-f8e6-4ab0-8df3-237faf60d77d}</UniqueIdentifier>
    </Filter>
    <Filter Include="ソース ファイル\System\Core">
      <UniqueIdentifier>{368e400f-0017-4f8b-af3a-80fe9c136151}</UniqueIdentifier>
    </Filter>
    <Filter Include="ソース ファイル\System\Graphics">
      <UniqueIdentifier>{b9f35bed-d1e8-4d6e-9c35-5b9f6a4c24fb}</UniqueIdentifier>
    </Filter>
    <Filter Include="ソース ファイル\System\Collision">
      <UniqueIdentifier>{39c80523-ecf0-4eb0-9790-ff02bd3d0e53}</UniqueIdentifier>
    </Filter>
    <Filter Include="シェーダーファイル">
      <UniqueIdentifier>{5dd9ca75-cba2-41d1-ac23-c5e642fa4737}</UniqueIdentifier>
    </Filter>
    <Filter Include="ヘッダー ファイル\System\Collision">
      <UniqueIdentifier>{55ae2d59-b634-49e1-8142-10ad4423d70c}</UniqueIdentifier>
    </Filter>
    <Filter Include="ヘッダー ファイル\System\Core">
      <UniqueIdentifier>{7dd3d71b-59d0-4f13-9823-3c998bb19108}</UniqueIdentifier>
    </Filter>
    <Filter Include="ヘッダー ファイル\System\Graphics">
      <UniqueIdentifier>{7eda1a2e-dc78-4b81-bde1-9df4531a744b}</UniqueIdentifier>
    </Filter>
  </ItemGroup>
  <ItemGroup>
    <ClInclude Include="camera.h">
      <Filter>ヘッダー ファイル</Filter>
    </ClInclude>
    <ClInclude Include="game_object.h">
      <Filter>ヘッダー ファイル</Filter>
    </ClInclude>
    <ClInclude Include="game_controller.h">
      <Filter>ヘッダー ファイル</Filter>
    </ClInclude>
    <ClInclude Include="keyboard.h">
      <Filter>ヘッダー ファイル</Filter>
    </ClInclude>
    <ClInclude Include="main.h">
      <Filter>ヘッダー ファイル</Filter>
    </ClInclude>
    <ClInclude Include="map.h">
      <Filter>ヘッダー ファイル</Filter>
    </ClInclude>
    <ClInclude Include="map_renderer.h">
      <Filter>ヘッダー ファイル</Filter>
    </ClInclude>
    <ClInclude Include="mouse.h">
      <Filter>ヘッダー ファイル</Filter>
    </ClInclude>
    <ClInclude Include="player.h">
      <Filter>ヘッダー ファイル</Filter>
    </ClInclude>
    <ClInclude Include="system_timer.h">
      <Filter>ヘッダー ファイル</Filter>
    </ClInclude>
    <ClInclude Include="bullet.h">
      <Filter>ヘッダー ファイル</Filter>
    </ClInclude>
    <ClInclude Include="sprite.h">
      <Filter>ヘッダー ファイル</Filter>
    </ClInclude>
    <ClInclude Include="System\Core\types.h">
      <Filter>ヘッダー ファイル\System\Core</Filter>
    </ClInclude>
    <ClInclude Include="System\Core\renderer.h">
      <Filter>ヘッダー ファイル\System\Core</Filter>
    </ClInclude>
    <ClInclude Include="System\Collision\box_collider.h">
      <Filter>ヘッダー ファイル\System\Collision</Filter>
    </ClInclude>
    <ClInclude Include="System\Collision\collider.h">
      <Filter>ヘッダー ファイル\System\Collision</Filter>
    </ClInclude>
    <ClInclude Include="System\Collision\collision_system.h">
      <Filter>ヘッダー ファイル\System\Collision</Filter>
    </ClInclude>
    <ClInclude Include="System\Collision\sphere_collider.h">
      <Filter>ヘッダー ファイル\System\Collision</Filter>
    </ClInclude>
    <ClInclude Include="System\Graphics\material.h">
      <Filter>ヘッダー ファイル\System\Graphics</Filter>
    </ClInclude>
    <ClInclude Include="System\Graphics\mesh.h">
      <Filter>ヘッダー ファイル\System\Graphics</Filter>
    </ClInclude>
    <ClInclude Include="System\Graphics\mesh_factory.h">
      <Filter>ヘッダー ファイル\System\Graphics</Filter>
    </ClInclude>
    <ClInclude Include="System\Graphics\sprite_2d.h">
      <Filter>ヘッダー ファイル\System\Graphics</Filter>
    </ClInclude>
    <ClInclude Include="System\Graphics\sprite_3d.h">
      <Filter>ヘッダー ファイル\System\Graphics</Filter>
    </ClInclude>
    <ClInclude Include="System\Graphics\texture_loader.h">
      <Filter>ヘッダー ファイル\System\Graphics</Filter>
    </ClInclude>
    <ClInclude Include="System\Graphics\vertex.h">
      <Filter>ヘッダー ファイル\System\Graphics</Filter>
    </ClInclude>
    <ClInclude Include="NetWork\network_common.h">
      <Filter>ヘッダー ファイル\NetWork</Filter>
    </ClInclude>
    <ClInclude Include="NetWork\network_manager.h">
      <Filter>ヘッダー ファイル\NetWork</Filter>
    </ClInclude>
    <ClInclude Include="NetWork\udp_network.h">
      <Filter>ヘッダー ファイル\NetWork</Filter>
    </ClInclude>
    <ClInclude Include="System\Graphics\primitive.h">
      <Filter>ヘッダー ファイル\System\Graphics</Filter>
    </ClInclude>
  </ItemGroup>
  <ItemGroup>
    <ClCompile Include="camera.cpp">
      <Filter>ソース ファイル</Filter>
    </ClCompile>
    <ClCompile Include="game_object.cpp">
      <Filter>ソース ファイル</Filter>
    </ClCompile>
    <ClCompile Include="game_controller.cpp">
      <Filter>ソース ファイル</Filter>
    </ClCompile>
    <ClCompile Include="keyboard.cpp">
      <Filter>ソース ファイル</Filter>
    </ClCompile>
    <ClCompile Include="main.cpp">
      <Filter>ソース ファイル</Filter>
    </ClCompile>
    <ClCompile Include="map.cpp">
      <Filter>ソース ファイル</Filter>
    </ClCompile>
    <ClCompile Include="map_renderer.cpp">
      <Filter>ソース ファイル</Filter>
    </ClCompile>
    <ClCompile Include="mouse.cpp">
      <Filter>ソース ファイル</Filter>
    </ClCompile>
    <ClCompile Include="player.cpp">
      <Filter>ソース ファイル</Filter>
    </ClCompile>
    <ClCompile Include="system_timer.cpp">
      <Filter>ソース ファイル</Filter>
    </ClCompile>
    <ClCompile Include="player_manager_impl.cpp">
      <Filter>ソース ファイル</Filter>
    </ClCompile>
    <ClCompile Include="bullet.cpp">
      <Filter>ソース ファイル</Filter>
    </ClCompile>
    <ClCompile Include="System\Graphics\texture_loader.cpp">
      <Filter>ソース ファイル\System\Graphics</Filter>
    </ClCompile>
    <ClCompile Include="System\Graphics\sprite_3d.cpp">
      <Filter>ソース ファイル\System\Graphics</Filter>
    </ClCompile>
    <ClCompile Include="System\Graphics\sprite_2d.cpp">
      <Filter>ソース ファイル\System\Graphics</Filter>
    </ClCompile>
    <ClCompile Include="System\Graphics\mesh_factory.cpp">
      <Filter>ソース ファイル\System\Graphics</Filter>
    </ClCompile>
    <ClCompile Include="System\Graphics\mesh.cpp">
      <Filter>ソース ファイル\System\Graphics</Filter>
    </ClCompile>
    <ClCompile Include="System\Graphics\material.cpp">
      <Filter>ソース ファイル\System\Graphics</Filter>
    </ClCompile>
    <ClCompile Include="System\Core\renderer.cpp">
      <Filter>ソース ファイル\System\Core</Filter>
    </ClCompile>
    <ClCompile Include="System\Collision\box_collider.cpp">
      <Filter>ソース ファイル\System\Collision</Filter>
    </ClCompile>
    <ClCompile Include="System\Collision\collision_system.cpp">
      <Filter>ソース ファイル\System\Collision</Filter>
    </ClCompile>
    <ClCompile Include="System\Collision\sphere_collider.cpp">
      <Filter>ソース ファイル\System\Collision</Filter>
    </ClCompile>
    <ClCompile Include="NetWork\network_manager.cpp">
      <Filter>ソース ファイル\NetWork</Filter>
    </ClCompile>
    <ClCompile Include="NetWork\udp_network.cpp">
      <Filter>ソース ファイル\NetWork</Filter>
    </ClCompile>
    <ClCompile Include="System\Graphics\primitive.cpp">
      <Filter>ソース ファイル\System\Graphics</Filter>
    </ClCompile>
  </ItemGroup>
  <ItemGroup>
    <Text Include="x64\Release\netWorkLog.txt">
      <Filter>リソース ファイル</Filter>
    </Text>
    <Text Include="x64\Release\dx_netlog.txt">
      <Filter>リソース ファイル</Filter>
    </Text>
  </ItemGroup>
  <ItemGroup>
    <None Include="shader.hlsl">
      <Filter>シェーダーファイル</Filter>
    </None>
  </ItemGroup>
</Project>